
Microsoft Visual Studio Solution File, Format Version 12.00
# Visual Studio 14
VisualStudioVersion = 14.0.25420.1
MinimumVisualStudioVersion = 10.0.40219.1
Project("{FAE04EC0-301F-11D3-BF4B-00C04F79EFBC}") = "EzShop.Common", "EzShop.Common\EzShop.Common.csproj", "{EF9872E4-230A-42E2-9C20-8232FA90D75C}"
EndProject
Project("{FAE04EC0-301F-11D3-BF4B-00C04F79EFBC}") = "EzShop.Model", "EzShop.Model\EzShop.Model.csproj", "{74EBDB70-5C9D-4D71-A61B-4F880D8DFE3F}"
EndProject
Project("{FAE04EC0-301F-11D3-BF4B-00C04F79EFBC}") = "EzShop.Service", "EzShop.Service\EzShop.Service.csproj", "{E75BD842-EA59-4D1C-9530-E70C7B95CF13}"
EndProject
Project("{FAE04EC0-301F-11D3-BF4B-00C04F79EFBC}") = "EzShop.UnitTest", "EzShop.UnitTest\EzShop.UnitTest.csproj", "{AF07964E-16A6-4649-B47E-4D4634A088CD}"
EndProject
Project("{FAE04EC0-301F-11D3-BF4B-00C04F79EFBC}") = "EzShop.Data", "EzShop.Data\EzShop.Data.csproj", "{51FD7EE0-C0FD-498C-BD13-1FE5CDD765BE}"
EndProject
Project("{FAE04EC0-301F-11D3-BF4B-00C04F79EFBC}") = "EzShop.Web", "EzShop.Web\EzShop.Web.csproj", "{DC04A7EE-ED2B-4543-94E3-135831F75D01}"
EndProject
Global
	GlobalSection(SolutionConfigurationPlatforms) = preSolution
		Debug|Any CPU = Debug|Any CPU
		Release|Any CPU = Release|Any CPU
	EndGlobalSection
	GlobalSection(ProjectConfigurationPlatforms) = postSolution
		{EF9872E4-230A-42E2-9C20-8232FA90D75C}.Debug|Any CPU.ActiveCfg = Debug|Any CPU
		{EF9872E4-230A-42E2-9C20-8232FA90D75C}.Debug|Any CPU.Build.0 = Debug|Any CPU
		{EF9872E4-230A-42E2-9C20-8232FA90D75C}.Release|Any CPU.ActiveCfg = Release|Any CPU
		{EF9872E4-230A-42E2-9C20-8232FA90D75C}.Release|Any CPU.Build.0 = Release|Any CPU
		{74EBDB70-5C9D-4D71-A61B-4F880D8DFE3F}.Debug|Any CPU.ActiveCfg = Debug|Any CPU
		{74EBDB70-5C9D-4D71-A61B-4F880D8DFE3F}.Debug|Any CPU.Build.0 = Debug|Any CPU
		{74EBDB70-5C9D-4D71-A61B-4F880D8DFE3F}.Release|Any CPU.ActiveCfg = Release|Any CPU
		{74EBDB70-5C9D-4D71-A61B-4F880D8DFE3F}.Release|Any CPU.Build.0 = Release|Any CPU
		{E75BD842-EA59-4D1C-9530-E70C7B95CF13}.Debug|Any CPU.ActiveCfg = Debug|Any CPU
		{E75BD842-EA59-4D1C-9530-E70C7B95CF13}.Debug|Any CPU.Build.0 = Debug|Any CPU
		{E75BD842-EA59-4D1C-9530-E70C7B95CF13}.Release|Any CPU.ActiveCfg = Release|Any CPU
		{E75BD842-EA59-4D1C-9530-E70C7B95CF13}.Release|Any CPU.Build.0 = Release|Any CPU
		{AF07964E-16A6-4649-B47E-4D4634A088CD}.Debug|Any CPU.ActiveCfg = Debug|Any CPU
		{AF07964E-16A6-4649-B47E-4D4634A088CD}.Debug|Any CPU.Build.0 = Debug|Any CPU
		{AF07964E-16A6-4649-B47E-4D4634A088CD}.Release|Any CPU.ActiveCfg = Release|Any CPU
		{AF07964E-16A6-4649-B47E-4D4634A088CD}.Release|Any CPU.Build.0 = Release|Any CPU
		{51FD7EE0-C0FD-498C-BD13-1FE5CDD765BE}.Debug|Any CPU.ActiveCfg = Debug|Any CPU
		{51FD7EE0-C0FD-498C-BD13-1FE5CDD765BE}.Debug|Any CPU.Build.0 = Debug|Any CPU
		{51FD7EE0-C0FD-498C-BD13-1FE5CDD765BE}.Release|Any CPU.ActiveCfg = Release|Any CPU
		{51FD7EE0-C0FD-498C-BD13-1FE5CDD765BE}.Release|Any CPU.Build.0 = Release|Any CPU
		{DC04A7EE-ED2B-4543-94E3-135831F75D01}.Debug|Any CPU.ActiveCfg = Debug|Any CPU
		{DC04A7EE-ED2B-4543-94E3-135831F75D01}.Debug|Any CPU.Build.0 = Debug|Any CPU
		{DC04A7EE-ED2B-4543-94E3-135831F75D01}.Release|Any CPU.ActiveCfg = Release|Any CPU
		{DC04A7EE-ED2B-4543-94E3-135831F75D01}.Release|Any CPU.Build.0 = Release|Any CPU
	EndGlobalSection
	GlobalSection(SolutionProperties) = preSolution
		HideSolutionNode = FALSE
	EndGlobalSection
EndGlobal
